
Microsoft Visual Studio Solution File, Format Version 12.00
# Visual Studio Version 17
VisualStudioVersion = 17.11.35303.130
MinimumVisualStudioVersion = 10.0.40219.1
Project("{FAE04EC0-301F-11D3-BF4B-00C04F79EFBC}") = "EventManagement.API", "EventManagement.API\EventManagement.API.csproj", "{72F857FC-0CEE-4D6E-83D7-34D7254EA819}"
EndProject
Global
	GlobalSection(SolutionConfigurationPlatforms) = preSolution
		Debug|Any CPU = Debug|Any CPU
		Release|Any CPU = Release|Any CPU
	EndGlobalSection
	GlobalSection(ProjectConfigurationPlatforms) = postSolution
		{72F857FC-0CEE-4D6E-83D7-34D7254EA819}.Debug|Any CPU.ActiveCfg = Debug|Any CPU
		{72F857FC-0CEE-4D6E-83D7-34D7254EA819}.Debug|Any CPU.Build.0 = Debug|Any CPU
		{72F857FC-0CEE-4D6E-83D7-34D7254EA819}.Release|Any CPU.ActiveCfg = Release|Any CPU
		{72F857FC-0CEE-4D6E-83D7-34D7254EA819}.Release|Any CPU.Build.0 = Release|Any CPU
	EndGlobalSection
	GlobalSection(SolutionProperties) = preSolution
		HideSolutionNode = FALSE
	EndGlobalSection
	GlobalSection(ExtensibilityGlobals) = postSolution
		SolutionGuid = {814F411E-9EA1-43CA-977F-B09E98066494}
	EndGlobalSection
EndGlobal
